// !$*UTF8*$!
{
	archiveVersion = 1;
	classes = {
	};
	objectVersion = 50;
	objects = {

/* Begin PBXBuildFile section */
		07533AB222CFA2CD00D65BA3 /* RestaurantDetailViewController.swift in Sources */ = {isa = PBXBuildFile; fileRef = 07533AB122CFA2CD00D65BA3 /* RestaurantDetailViewController.swift */; };
		07A634BD22C3A78200D747F3 /* AppDelegate.swift in Sources */ = {isa = PBXBuildFile; fileRef = 07A634BC22C3A78200D747F3 /* AppDelegate.swift */; };
		07A634BF22C3A78200D747F3 /* ViewController.swift in Sources */ = {isa = PBXBuildFile; fileRef = 07A634BE22C3A78200D747F3 /* ViewController.swift */; };
		07A634C222C3A78200D747F3 /* Main.storyboard in Resources */ = {isa = PBXBuildFile; fileRef = 07A634C022C3A78200D747F3 /* Main.storyboard */; };
		07A634C422C3A78500D747F3 /* Assets.xcassets in Resources */ = {isa = PBXBuildFile; fileRef = 07A634C322C3A78500D747F3 /* Assets.xcassets */; };
		07A634C722C3A78500D747F3 /* LaunchScreen.storyboard in Resources */ = {isa = PBXBuildFile; fileRef = 07A634C522C3A78500D747F3 /* LaunchScreen.storyboard */; };
		07A634CF22C3A7EC00D747F3 /* RestaurantTableViewController.swift in Sources */ = {isa = PBXBuildFile; fileRef = 07A634CE22C3A7EC00D747F3 /* RestaurantTableViewController.swift */; };
		07A634D122C3B9F000D747F3 /* RestaurantTableViewCell.swift in Sources */ = {isa = PBXBuildFile; fileRef = 07A634D022C3B9F000D747F3 /* RestaurantTableViewCell.swift */; };
/* End PBXBuildFile section */

/* Begin PBXFileReference section */
		07533AB122CFA2CD00D65BA3 /* RestaurantDetailViewController.swift */ = {isa = PBXFileReference; lastKnownFileType = sourcecode.swift; path = RestaurantDetailViewController.swift; sourceTree = "<group>"; };
		07A634B922C3A78200D747F3 /* Foodpin_trunk.app */ = {isa = PBXFileReference; explicitFileType = wrapper.application; includeInIndex = 0; path = Foodpin_trunk.app; sourceTree = BUILT_PRODUCTS_DIR; };
		07A634BC22C3A78200D747F3 /* AppDelegate.swift */ = {isa = PBXFileReference; lastKnownFileType = sourcecode.swift; path = AppDelegate.swift; sourceTree = "<group>"; };
		07A634BE22C3A78200D747F3 /* ViewController.swift */ = {isa = PBXFileReference; lastKnownFileType = sourcecode.swift; path = ViewController.swift; sourceTree = "<group>"; };
		07A634C122C3A78200D747F3 /* Base */ = {isa = PBXFileReference; lastKnownFileType = file.storyboard; name = Base; path = Base.lproj/Main.storyboard; sourceTree = "<group>"; };
		07A634C322C3A78500D747F3 /* Assets.xcassets */ = {isa = PBXFileReference; lastKnownFileType = folder.assetcatalog; path = Assets.xcassets; sourceTree = "<group>"; };
		07A634C622C3A78500D747F3 /* Base */ = {isa = PBXFileReference; lastKnownFileType = file.storyboard; name = Base; path = Base.lproj/LaunchScreen.storyboard; sourceTree = "<group>"; };
		07A634C822C3A78500D747F3 /* Info.plist */ = {isa = PBXFileReference; lastKnownFileType = text.plist.xml; path = Info.plist; sourceTree = "<group>"; };
		07A634CE22C3A7EC00D747F3 /* RestaurantTableViewController.swift */ = {isa = PBXFileReference; lastKnownFileType = sourcecode.swift; path = RestaurantTableViewController.swift; sourceTree = "<group>"; };
		07A634D022C3B9F000D747F3 /* RestaurantTableViewCell.swift */ = {isa = PBXFileReference; lastKnownFileType = sourcecode.swift; path = RestaurantTableViewCell.swift; sourceTree = "<group>"; };
/* End PBXFileReference section */

/* Begin PBXFrameworksBuildPhase section */
		07A634B622C3A78200D747F3 /* Frameworks */ = {
			isa = PBXFrameworksBuildPhase;
			buildActionMask = 2147483647;
			files = (
			);
			runOnlyForDeploymentPostprocessing = 0;
		};
/* End PBXFrameworksBuildPhase section */

/* Begin PBXGroup section */
		07A634B022C3A78200D747F3 = {
			isa = PBXGroup;
			children = (
				07A634BB22C3A78200D747F3 /* Foodpin_trunk */,
				07A634BA22C3A78200D747F3 /* Products */,
			);
			sourceTree = "<group>";
		};
		07A634BA22C3A78200D747F3 /* Products */ = {
			isa = PBXGroup;
			children = (
				07A634B922C3A78200D747F3 /* Foodpin_trunk.app */,
			);
			name = Products;
			sourceTree = "<group>";
		};
		07A634BB22C3A78200D747F3 /* Foodpin_trunk */ = {
			isa = PBXGroup;
			children = (
				07A634BC22C3A78200D747F3 /* AppDelegate.swift */,
				07A634BE22C3A78200D747F3 /* ViewController.swift */,
				07A634C022C3A78200D747F3 /* Main.storyboard */,
				07A634C322C3A78500D747F3 /* Assets.xcassets */,
				07A634C522C3A78500D747F3 /* LaunchScreen.storyboard */,
				07A634C822C3A78500D747F3 /* Info.plist */,
				07A634CE22C3A7EC00D747F3 /* RestaurantTableViewController.swift */,
				07A634D022C3B9F000D747F3 /* RestaurantTableViewCell.swift */,
				07533AB122CFA2CD00D65BA3 /* RestaurantDetailViewController.swift */,
			);
			path = Foodpin_trunk;
			sourceTree = "<group>";
		};
/* End PBXGroup section */

/* Begin PBXNativeTarget section */
		07A634B822C3A78200D747F3 /* Foodpin_trunk */ = {
			isa = PBXNativeTarget;
			buildConfigurationList = 07A634CB22C3A78500D747F3 /* Build configuration list for PBXNativeTarget "Foodpin_trunk" */;
			buildPhases = (
				07A634B522C3A78200D747F3 /* Sources */,
				07A634B622C3A78200D747F3 /* Frameworks */,
				07A634B722C3A78200D747F3 /* Resources */,
			);
			buildRules = (
			);
			dependencies = (
			);
			name = Foodpin_trunk;
			productName = Foodpin_trunk;
			productReference = 07A634B922C3A78200D747F3 /* Foodpin_trunk.app */;
			productType = "com.apple.product-type.application";
		};
/* End PBXNativeTarget section */

/* Begin PBXProject section */
		07A634B122C3A78200D747F3 /* Project object */ = {
			isa = PBXProject;
			attributes = {
				LastSwiftUpdateCheck = 1020;
				LastUpgradeCheck = 1020;
				ORGANIZATIONNAME = Aman;
				TargetAttributes = {
					07A634B822C3A78200D747F3 = {
						CreatedOnToolsVersion = 10.2.1;
					};
				};
			};
			buildConfigurationList = 07A634B422C3A78200D747F3 /* Build configuration list for PBXProject "Foodpin_trunk" */;
			compatibilityVersion = "Xcode 9.3";
			developmentRegion = en;
			hasScannedForEncodings = 0;
			knownRegions = (
				en,
				Base,
			);
			mainGroup = 07A634B022C3A78200D747F3;
			productRefGroup = 07A634BA22C3A78200D747F3 /* Products */;
			projectDirPath = "";
			projectRoot = "";
			targets = (
				07A634B822C3A78200D747F3 /* Foodpin_trunk */,
			);
		};
/* End PBXProject section */

/* Begin PBXResourcesBuildPhase section */
		07A634B722C3A78200D747F3 /* Resources */ = {
			isa = PBXResourcesBuildPhase;
			buildActionMask = 2147483647;
			files = (
				07A634C722C3A78500D747F3 /* LaunchScreen.storyboard in Resources */,
				07A634C422C3A78500D747F3 /* Assets.xcassets in Resources */,
				07A634C222C3A78200D747F3 /* Main.storyboard in Resources */,
			);
			runOnlyForDeploymentPostprocessing = 0;
		};
/* End PBXResourcesBuildPhase section */

/* Begin PBXSourcesBuildPhase section */
		07A634B522C3A78200D747F3 /* Sources */ = {
			isa = PBXSourcesBuildPhase;
			buildActionMask = 2147483647;
			files = (
				07A634D122C3B9F000D747F3 /* RestaurantTableViewCell.swift in Sources */,
				07A634BF22C3A78200D747F3 /* ViewController.swift in Sources */,
				07533AB222CFA2CD00D65BA3 /* RestaurantDetailViewController.swift in Sources */,
				07A634BD22C3A78200D747F3 /* AppDelegate.swift in Sources */,
				07A634CF22C3A7EC00D747F3 /* RestaurantTableViewController.swift in Sources */,
			);
			runOnlyForDeploymentPostprocessing = 0;
		};
/* End PBXSourcesBuildPhase section */

/* Begin PBXVariantGroup section */
		07A634C022C3A78200D747F3 /* Main.storyboard */ = {
			isa = PBXVariantGroup;
			children = (
				07A634C122C3A78200D747F3 /* Base */,
			);
			name = Main.storyboard;
			sourceTree = "<group>";
		};
		07A634C522C3A78500D747F3 /* LaunchScreen.storyboard */ = {
			isa = PBXVariantGroup;
			children = (
				07A634C622C3A78500D747F3 /* Base */,
			);
			name = LaunchScreen.storyboard;
			sourceTree = "<group>";
		};
/* End PBXVariantGroup section */

/* Begin XCBuildConfiguration section */
		07A634C922C3A78500D747F3 /* Debug */ = {
			isa = XCBuildConfiguration;
			buildSettings = {
				ALWAYS_SEARCH_USER_PATHS = NO;
				CLANG_ANALYZER_NONNULL = YES;
				CLANG_ANALYZER_NUMBER_OBJECT_CONVERSION = YES_AGGRESSIVE;
				CLANG_CXX_LANGUAGE_STANDARD = "gnu++14";
				CLANG_CXX_LIBRARY = "libc++";
				CLANG_ENABLE_MODULES = YES;
				CLANG_ENABLE_OBJC_ARC = YES;
				CLANG_ENABLE_OBJC_WEAK = YES;
				CLANG_WARN_BLOCK_CAPTURE_AUTORELEASING = YES;
				CLANG_WARN_BOOL_CONVERSION = YES;
				CLANG_WARN_COMMA = YES;
				CLANG_WARN_CONSTANT_CONVERSION = YES;
				CLANG_WARN_DEPRECATED_OBJC_IMPLEMENTATIONS = YES;
				CLANG_WARN_DIRECT_OBJC_ISA_USAGE = YES_ERROR;
				CLANG_WARN_DOCUMENTATION_COMMENTS = YES;
				CLANG_WARN_EMPTY_BODY = YES;
				CLANG_WARN_ENUM_CONVERSION = YES;
				CLANG_WARN_INFINITE_RECURSION = YES;
				CLANG_WARN_INT_CONVERSION = YES;
				CLANG_WARN_NON_LITERAL_NULL_CONVERSION = YES;
				CLANG_WARN_OBJC_IMPLICIT_RETAIN_SELF = YES;
				CLANG_WARN_OBJC_LITERAL_CONVERSION = YES;
				CLANG_WARN_OBJC_ROOT_CLASS = YES_ERROR;
				CLANG_WARN_RANGE_LOOP_ANALYSIS = YES;
				CLANG_WARN_STRICT_PROTOTYPES = YES;
				CLANG_WARN_SUSPICIOUS_MOVE = YES;
				CLANG_WARN_UNGUARDED_AVAILABILITY = YES_AGGRESSIVE;
				CLANG_WARN_UNREACHABLE_CODE = YES;
				CLANG_WARN__DUPLICATE_METHOD_MATCH = YES;
				CODE_SIGN_IDENTITY = "iPhone Developer";
				COPY_PHASE_STRIP = NO;
				DEBUG_INFORMATION_FORMAT = dwarf;
				ENABLE_STRICT_OBJC_MSGSEND = YES;
				ENABLE_TESTABILITY = YES;
				GCC_C_LANGUAGE_STANDARD = gnu11;
				GCC_DYNAMIC_NO_PIC = NO;
				GCC_NO_COMMON_BLOCKS = YES;
				GCC_OPTIMIZATION_LEVEL = 0;
				GCC_PREPROCESSOR_DEFINITIONS = (
					"DEBUG=1",
					"$(inherited)",
				);
				GCC_WARN_64_TO_32_BIT_CONVERSION = YES;
				GCC_WARN_ABOUT_RETURN_TYPE = YES_ERROR;
				GCC_WARN_UNDECLARED_SELECTOR = YES;
				GCC_WARN_UNINITIALIZED_AUTOS = YES_AGGRESSIVE;
				GCC_WARN_UNUSED_FUNCTION = YES;
				GCC_WARN_UNUSED_VARIABLE = YES;
				IPHONEOS_DEPLOYMENT_TARGET = 12.2;
				MTL_ENABLE_DEBUG_INFO = INCLUDE_SOURCE;
				MTL_FAST_MATH = YES;
				ONLY_ACTIVE_ARCH = YES;
				SDKROOT = iphoneos;
				SWIFT_ACTIVE_COMPILATION_CONDITIONS = DEBUG;
				SWIFT_OPTIMIZATION_LEVEL = "-Onone";
			};
			name = Debug;
		};
		07A634CA22C3A78500D747F3 /* Release */ = {
			isa = XCBuildConfiguration;
			buildSettings = {
				ALWAYS_SEARCH_USER_PATHS = NO;
				CLANG_ANALYZER_NONNULL = YES;
				CLANG_ANALYZER_NUMBER_OBJECT_CONVERSION = YES_AGGRESSIVE;
				CLANG_CXX_LANGUAGE_STANDARD = "gnu++14";
				CLANG_CXX_LIBRARY = "libc++";
				CLANG_ENABLE_MODULES = YES;
				CLANG_ENABLE_OBJC_ARC = YES;
				CLANG_ENABLE_OBJC_WEAK = YES;
				CLANG_WARN_BLOCK_CAPTURE_AUTORELEASING = YES;
				CLANG_WARN_BOOL_CONVERSION = YES;
				CLANG_WARN_COMMA = YES;
				CLANG_WARN_CONSTANT_CONVERSION = YES;
				CLANG_WARN_DEPRECATED_OBJC_IMPLEMENTATIONS = YES;
				CLANG_WARN_DIRECT_OBJC_ISA_USAGE = YES_ERROR;
				CLANG_WARN_DOCUMENTATION_COMMENTS = YES;
				CLANG_WARN_EMPTY_BODY = YES;
				CLANG_WARN_ENUM_CONVERSION = YES;
				CLANG_WARN_INFINITE_RECURSION = YES;
				CLANG_WARN_INT_CONVERSION = YES;
				CLANG_WARN_NON_LITERAL_NULL_CONVERSION = YES;
				CLANG_WARN_OBJC_IMPLICIT_RETAIN_SELF = YES;
				CLANG_WARN_OBJC_LITERAL_CONVERSION = YES;
				CLANG_WARN_OBJC_ROOT_CLASS = YES_ERROR;
				CLANG_WARN_RANGE_LOOP_ANALYSIS = YES;
				CLANG_WARN_STRICT_PROTOTYPES = YES;
				CLANG_WARN_SUSPICIOUS_MOVE = YES;
				CLANG_WARN_UNGUARDED_AVAILABILITY = YES_AGGRESSIVE;
				CLANG_WARN_UNREACHABLE_CODE = YES;
				CLANG_WARN__DUPLICATE_METHOD_MATCH = YES;
				CODE_SIGN_IDENTITY = "iPhone Developer";
				COPY_PHASE_STRIP = NO;
				DEBUG_INFORMATION_FORMAT = "dwarf-with-dsym";
				ENABLE_NS_ASSERTIONS = NO;
				ENABLE_STRICT_OBJC_MSGSEND = YES;
				GCC_C_LANGUAGE_STANDARD = gnu11;
				GCC_NO_COMMON_BLOCKS = YES;
				GCC_WARN_64_TO_32_BIT_CONVERSION = YES;
				GCC_WARN_ABOUT_RETURN_TYPE = YES_ERROR;
				GCC_WARN_UNDECLARED_SELECTOR = YES;
				GCC_WARN_UNINITIALIZED_AUTOS = YES_AGGRESSIVE;
				GCC_WARN_UNUSED_FUNCTION = YES;
				GCC_WARN_UNUSED_VARIABLE = YES;
				IPHONEOS_DEPLOYMENT_TARGET = 12.2;
				MTL_ENABLE_DEBUG_INFO = NO;
				MTL_FAST_MATH = YES;
				SDKROOT = iphoneos;
				SWIFT_COMPILATION_MODE = wholemodule;
				SWIFT_OPTIMIZATION_LEVEL = "-O";
				VALIDATE_PRODUCT = YES;
			};
			name = Release;
		};
		07A634CC22C3A78500D747F3 /* Debug */ = {
			isa = XCBuildConfiguration;
			buildSettings = {
				ASSETCATALOG_COMPILER_APPICON_NAME = AppIcon;
				CODE_SIGN_STYLE = Automatic;
				INFOPLIST_FILE = Foodpin_trunk/Info.plist;
				LD_RUNPATH_SEARCH_PATHS = (
					"$(inherited)",
					"@executable_path/Frameworks",
				);
				PRODUCT_BUNDLE_IDENTIFIER = "com.AMan.Foodpin-trunk";
				PRODUCT_NAME = "$(TARGET_NAME)";
				SWIFT_VERSION = 5.0;
				TARGETED_DEVICE_FAMILY = "1,2";
			};
			name = Debug;
		};
		07A634CD22C3A78500D747F3 /* Release */ = {
			isa = XCBuildConfiguration;
			buildSettings = {
				ASSETCATALOG_COMPILER_APPICON_NAME = AppIcon;
				CODE_SIGN_STYLE = Automatic;
				INFOPLIST_FILE = Foodpin_trunk/Info.plist;
				LD_RUNPATH_SEARCH_PATHS = (
					"$(inherited)",
					"@executable_path/Frameworks",
				);
				PRODUCT_BUNDLE_IDENTIFIER = "com.AMan.Foodpin-trunk";
				PRODUCT_NAME = "$(TARGET_NAME)";
				SWIFT_VERSION = 5.0;
				TARGETED_DEVICE_FAMILY = "1,2";
			};
			name = Release;
		};
/* End XCBuildConfiguration section */

/* Begin XCConfigurationList section */
		07A634B422C3A78200D747F3 /* Build configuration list for PBXProject "Foodpin_trunk" */ = {
			isa = XCConfigurationList;
			buildConfigurations = (
				07A634C922C3A78500D747F3 /* Debug */,
				07A634CA22C3A78500D747F3 /* Release */,
			);
			defaultConfigurationIsVisible = 0;
			defaultConfigurationName = Release;
		};
		07A634CB22C3A78500D747F3 /* Build configuration list for PBXNativeTarget "Foodpin_trunk" */ = {
			isa = XCConfigurationList;
			buildConfigurations = (
				07A634CC22C3A78500D747F3 /* Debug */,
				07A634CD22C3A78500D747F3 /* Release */,
			);
			defaultConfigurationIsVisible = 0;
			defaultConfigurationName = Release;
		};
/* End XCConfigurationList section */
	};
	rootObject = 07A634B122C3A78200D747F3 /* Project object */;
}
